lockfileVersion: '9.0'

settings:
  autoInstallPeers: true
  excludeLinksFromLockfile: false

importers:

  .:
    dependencies:
      '@trpc/client':
        specifier: 11.0.0-rc.467
        version: 11.0.0-rc.467(@trpc/server@11.0.0-rc.467)
      '@trpc/server':
        specifier: 11.0.0-rc.467
        version: 11.0.0-rc.467
      zod:
        specifier: ^3.23.8
        version: 3.23.8

packages:

  '@trpc/client@11.0.0-rc.467':
    resolution: {integrity: sha512-ovZaGdAUl+EEmtJJc5uuo95B0gw8+q3jwNjUQQmmSMU5Isq4sYdjIWNkhbrFtR8CovllFyrRrjAgCWdaOTEY4g==}
    peerDependencies:
      '@trpc/server': 11.0.0-rc.467+8f72171d6

  '@trpc/server@11.0.0-rc.467':
    resolution: {integrity: sha512-94Gv26ALuBfxgFlSGV3x2uF2ixUEViuK0m3IPKOvCTMreisZkBqyTa3NkBcuPZW/AMUieM5P4Q2NrbHTIA0fKQ==}

  zod@3.23.8:
    resolution: {integrity: sha512-XBx9AXhXktjUqnepgTiE5flcKIYWi/rme0Eaj+5Y0lftuGBq+jyRu/md4WnuxqgP1ubdpNCsYEYPxrzVHD8d6g==}

snapshots:

  '@trpc/client@11.0.0-rc.467(@trpc/server@11.0.0-rc.467)':
    dependencies:
      '@trpc/server': 11.0.0-rc.467

  '@trpc/server@11.0.0-rc.467': {}

  zod@3.23.8: {}
