lockfileVersion: '9.0'

settings:
  autoInstallPeers: true
  excludeLinksFromLockfile: false

importers:

  .:
    dependencies:
      '@trpc/client':
        specifier: 11.0.0-rc.467
        version: 11.0.0-rc.467(@trpc/server@11.0.0-rc.467)
      '@trpc/server':
        specifier: 11.0.0-rc.467
        version: 11.0.0-rc.467

packages:

  '@trpc/client@11.0.0-rc.467':
    resolution: {integrity: sha512-ovZaGdAUl+EEmtJJc5uuo95B0gw8+q3jwNjUQQmmSMU5Isq4sYdjIWNkhbrFtR8CovllFyrRrjAgCWdaOTEY4g==}
    peerDependencies:
      '@trpc/server': 11.0.0-rc.467+8f72171d6

  '@trpc/server@11.0.0-rc.467':
    resolution: {integrity: sha512-94Gv26ALuBfxgFlSGV3x2uF2ixUEViuK0m3IPKOvCTMreisZkBqyTa3NkBcuPZW/AMUieM5P4Q2NrbHTIA0fKQ==}

snapshots:

  '@trpc/client@11.0.0-rc.467(@trpc/server@11.0.0-rc.467)':
    dependencies:
      '@trpc/server': 11.0.0-rc.467

  '@trpc/server@11.0.0-rc.467': {}
